
Microsoft Visual Studio Solution File, Format Version 12.00
# Visual Studio Version 17
VisualStudioVersion = 17.1.32319.34
MinimumVisualStudioVersion = 10.0.40219.1
Project("{FAE04EC0-301F-11D3-BF4B-00C04F79EFBC}") = "project1", "project1\project1.csproj", "{ABC52E95-7337-48E2-B66E-6E99E1E40D01}"
EndProject
Project("{FAE04EC0-301F-11D3-BF4B-00C04F79EFBC}") = "project2", "project2\project2.csproj", "{F2035189-2553-487C-A1D7-43CBCB7BADA2}"
EndProject
Project("{FAE04EC0-301F-11D3-BF4B-00C04F79EFBC}") = "project3", "project3\project3.csproj", "{6449DD5B-E66D-48A7-BAFB-75CDAD7D8CB4}"
EndProject
Global
	GlobalSection(SolutionConfigurationPlatforms) = preSolution
		Debug|Any CPU = Debug|Any CPU
		Release|Any CPU = Release|Any CPU
	EndGlobalSection
	GlobalSection(ProjectConfigurationPlatforms) = postSolution
		{ABC52E95-7337-48E2-B66E-6E99E1E40D01}.Debug|Any CPU.ActiveCfg = Debug|Any CPU
		{ABC52E95-7337-48E2-B66E-6E99E1E40D01}.Debug|Any CPU.Build.0 = Debug|Any CPU
		{ABC52E95-7337-48E2-B66E-6E99E1E40D01}.Release|Any CPU.ActiveCfg = Release|Any CPU
		{ABC52E95-7337-48E2-B66E-6E99E1E40D01}.Release|Any CPU.Build.0 = Release|Any CPU
		{F2035189-2553-487C-A1D7-43CBCB7BADA2}.Debug|Any CPU.ActiveCfg = Debug|Any CPU
		{F2035189-2553-487C-A1D7-43CBCB7BADA2}.Debug|Any CPU.Build.0 = Debug|Any CPU
		{F2035189-2553-487C-A1D7-43CBCB7BADA2}.Release|Any CPU.ActiveCfg = Release|Any CPU
		{F2035189-2553-487C-A1D7-43CBCB7BADA2}.Release|Any CPU.Build.0 = Release|Any CPU
		{6449DD5B-E66D-48A7-BAFB-75CDAD7D8CB4}.Debug|Any CPU.ActiveCfg = Debug|Any CPU
		{6449DD5B-E66D-48A7-BAFB-75CDAD7D8CB4}.Debug|Any CPU.Build.0 = Debug|Any CPU
		{6449DD5B-E66D-48A7-BAFB-75CDAD7D8CB4}.Release|Any CPU.ActiveCfg = Release|Any CPU
		{6449DD5B-E66D-48A7-BAFB-75CDAD7D8CB4}.Release|Any CPU.Build.0 = Release|Any CPU
	EndGlobalSection
	GlobalSection(SolutionProperties) = preSolution
		HideSolutionNode = FALSE
	EndGlobalSection
	GlobalSection(ExtensibilityGlobals) = postSolution
		SolutionGuid = {32B3B522-190E-4323-A698-50EB060007D2}
	EndGlobalSection
EndGlobal
